// !$*UTF8*$!
{
	archiveVersion = 1;
	classes = {
	};
	objectVersion = 46;
	objects = {

/* Begin PBXBuildFile section */
		F41F7C311CC64E8F0071A6CB /* SetCard.m in Sources */ = {isa = PBXBuildFile; fileRef = F41F7C301CC64E8F0071A6CB /* SetCard.m */; };
		F41F7C341CC657C40071A6CB /* SetCardDeck.m in Sources */ = {isa = PBXBuildFile; fileRef = F41F7C331CC657C40071A6CB /* SetCardDeck.m */; };
		F44C48FD1CCA8F3B0009F0F1 /* HistoryViewController.m in Sources */ = {isa = PBXBuildFile; fileRef = F44C48FC1CCA8F3B0009F0F1 /* HistoryViewController.m */; };
		F45F933B1CBE175E000B9220 /* CardMatchingGame.m in Sources */ = {isa = PBXBuildFile; fileRef = F45F933A1CBE175E000B9220 /* CardMatchingGame.m */; };
		F4CE656A1CC5BBFC00CD9FE1 /* PlayingCardViewController.m in Sources */ = {isa = PBXBuildFile; fileRef = F4CE65691CC5BBFC00CD9FE1 /* PlayingCardViewController.m */; };
		F4CE656D1CC6369000CD9FE1 /* SetViewController.m in Sources */ = {isa = PBXBuildFile; fileRef = F4CE656C1CC6369000CD9FE1 /* SetViewController.m */; };
		F4D482211CBBC448009EE534 /* main.m in Sources */ = {isa = PBXBuildFile; fileRef = F4D482201CBBC448009EE534 /* main.m */; };
		F4D482241CBBC448009EE534 /* AppDelegate.m in Sources */ = {isa = PBXBuildFile; fileRef = F4D482231CBBC448009EE534 /* AppDelegate.m */; };
		F4D482271CBBC448009EE534 /* ViewController.m in Sources */ = {isa = PBXBuildFile; fileRef = F4D482261CBBC448009EE534 /* ViewController.m */; };
		F4D4822A1CBBC448009EE534 /* Main.storyboard in Resources */ = {isa = PBXBuildFile; fileRef = F4D482281CBBC448009EE534 /* Main.storyboard */; };
		F4D4822C1CBBC448009EE534 /* Assets.xcassets in Resources */ = {isa = PBXBuildFile; fileRef = F4D4822B1CBBC448009EE534 /* Assets.xcassets */; };
		F4D4822F1CBBC448009EE534 /* LaunchScreen.storyboard in Resources */ = {isa = PBXBuildFile; fileRef = F4D4822D1CBBC448009EE534 /* LaunchScreen.storyboard */; };
		F4D482381CBC0BCD009EE534 /* Card.m in Sources */ = {isa = PBXBuildFile; fileRef = F4D482371CBC0BCD009EE534 /* Card.m */; };
		F4D4823C1CBC812E009EE534 /* Deck.m in Sources */ = {isa = PBXBuildFile; fileRef = F4D4823B1CBC812E009EE534 /* Deck.m */; };
		F4D4823F1CBC8862009EE534 /* PlayingCard.m in Sources */ = {isa = PBXBuildFile; fileRef = F4D4823E1CBC8862009EE534 /* PlayingCard.m */; };
		F4D482421CBCB010009EE534 /* PlayingCardDeck.m in Sources */ = {isa = PBXBuildFile; fileRef = F4D482411CBCB010009EE534 /* PlayingCardDeck.m */; };
/* End PBXBuildFile section */

/* Begin PBXFileReference section */
		F41F7C2F1CC64E8F0071A6CB /* SetCard.h */ = {isa = PBXFileReference; fileEncoding = 4; lastKnownFileType = sourcecode.c.h; name = SetCard.h; path = Matchismo/Model/SetCard.h; sourceTree = "<group>"; };
		F41F7C301CC64E8F0071A6CB /* SetCard.m */ = {isa = PBXFileReference; fileEncoding = 4; lastKnownFileType = sourcecode.c.objc; name = SetCard.m; path = Matchismo/Model/SetCard.m; sourceTree = "<group>"; };
		F41F7C321CC657C40071A6CB /* SetCardDeck.h */ = {isa = PBXFileReference; fileEncoding = 4; lastKnownFileType = sourcecode.c.h; name = SetCardDeck.h; path = Matchismo/Model/SetCardDeck.h; sourceTree = "<group>"; };
		F41F7C331CC657C40071A6CB /* SetCardDeck.m */ = {isa = PBXFileReference; fileEncoding = 4; lastKnownFileType = sourcecode.c.objc; name = SetCardDeck.m; path = Matchismo/Model/SetCardDeck.m; sourceTree = "<group>"; };
		F44C48FB1CCA8F3A0009F0F1 /* HistoryViewController.h */ = {isa = PBXFileReference; fileEncoding = 4; lastKnownFileType = sourcecode.c.h; path = HistoryViewController.h; sourceTree = "<group>"; };
		F44C48FC1CCA8F3B0009F0F1 /* HistoryViewController.m */ = {isa = PBXFileReference; fileEncoding = 4; lastKnownFileType = sourcecode.c.objc; path = HistoryViewController.m; sourceTree = "<group>"; };
		F45F93391CBE175E000B9220 /* CardMatchingGame.h */ = {isa = PBXFileReference; fileEncoding = 4; lastKnownFileType = sourcecode.c.h; name = CardMatchingGame.h; path = Matchismo/Model/CardMatchingGame.h; sourceTree = "<group>"; };
		F45F933A1CBE175E000B9220 /* CardMatchingGame.m */ = {isa = PBXFileReference; fileEncoding = 4; lastKnownFileType = sourcecode.c.objc; name = CardMatchingGame.m; path = Matchismo/Model/CardMatchingGame.m; sourceTree = "<group>"; };
		F4CE65681CC5BBFC00CD9FE1 /* PlayingCardViewController.h */ = {isa = PBXFileReference; fileEncoding = 4; lastKnownFileType = sourcecode.c.h; path = PlayingCardViewController.h; sourceTree = "<group>"; };
		F4CE65691CC5BBFC00CD9FE1 /* PlayingCardViewController.m */ = {isa = PBXFileReference; fileEncoding = 4; lastKnownFileType = sourcecode.c.objc; path = PlayingCardViewController.m; sourceTree = "<group>"; };
		F4CE656B1CC6369000CD9FE1 /* SetViewController.h */ = {isa = PBXFileReference; fileEncoding = 4; lastKnownFileType = sourcecode.c.h; path = SetViewController.h; sourceTree = "<group>"; };
		F4CE656C1CC6369000CD9FE1 /* SetViewController.m */ = {isa = PBXFileReference; fileEncoding = 4; lastKnownFileType = sourcecode.c.objc; path = SetViewController.m; sourceTree = "<group>"; };
		F4D4821C1CBBC448009EE534 /* Matchismo.app */ = {isa = PBXFileReference; explicitFileType = wrapper.application; includeInIndex = 0; path = Matchismo.app; sourceTree = BUILT_PRODUCTS_DIR; };
		F4D482201CBBC448009EE534 /* main.m */ = {isa = PBXFileReference; lastKnownFileType = sourcecode.c.objc; path = main.m; sourceTree = "<group>"; };
		F4D482221CBBC448009EE534 /* AppDelegate.h */ = {isa = PBXFileReference; lastKnownFileType = sourcecode.c.h; path = AppDelegate.h; sourceTree = "<group>"; };
		F4D482231CBBC448009EE534 /* AppDelegate.m */ = {isa = PBXFileReference; lastKnownFileType = sourcecode.c.objc; path = AppDelegate.m; sourceTree = "<group>"; };
		F4D482251CBBC448009EE534 /* ViewController.h */ = {isa = PBXFileReference; lastKnownFileType = sourcecode.c.h; path = ViewController.h; sourceTree = "<group>"; };
		F4D482261CBBC448009EE534 /* ViewController.m */ = {isa = PBXFileReference; lastKnownFileType = sourcecode.c.objc; path = ViewController.m; sourceTree = "<group>"; };
		F4D482291CBBC448009EE534 /* Base */ = {isa = PBXFileReference; lastKnownFileType = file.storyboard; name = Base; path = Base.lproj/Main.storyboard; sourceTree = "<group>"; };
		F4D4822B1CBBC448009EE534 /* Assets.xcassets */ = {isa = PBXFileReference; lastKnownFileType = folder.assetcatalog; path = Assets.xcassets; sourceTree = "<group>"; };
		F4D4822E1CBBC448009EE534 /* Base */ = {isa = PBXFileReference; lastKnownFileType = file.storyboard; name = Base; path = Base.lproj/LaunchScreen.storyboard; sourceTree = "<group>"; };
		F4D482301CBBC448009EE534 /* Info.plist */ = {isa = PBXFileReference; lastKnownFileType = text.plist.xml; path = Info.plist; sourceTree = "<group>"; };
		F4D482361CBC0BCD009EE534 /* Card.h */ = {isa = PBXFileReference; fileEncoding = 4; lastKnownFileType = sourcecode.c.h; name = Card.h; path = Matchismo/Model/Card.h; sourceTree = "<group>"; };
		F4D482371CBC0BCD009EE534 /* Card.m */ = {isa = PBXFileReference; fileEncoding = 4; lastKnownFileType = sourcecode.c.objc; name = Card.m; path = Matchismo/Model/Card.m; sourceTree = "<group>"; };
		F4D4823A1CBC812E009EE534 /* Deck.h */ = {isa = PBXFileReference; fileEncoding = 4; lastKnownFileType = sourcecode.c.h; name = Deck.h; path = Matchismo/Model/Deck.h; sourceTree = "<group>"; };
		F4D4823B1CBC812E009EE534 /* Deck.m */ = {isa = PBXFileReference; fileEncoding = 4; lastKnownFileType = sourcecode.c.objc; name = Deck.m; path = Matchismo/Model/Deck.m; sourceTree = "<group>"; };
		F4D4823D1CBC8862009EE534 /* PlayingCard.h */ = {isa = PBXFileReference; fileEncoding = 4; lastKnownFileType = sourcecode.c.h; name = PlayingCard.h; path = Matchismo/Model/PlayingCard.h; sourceTree = "<group>"; };
		F4D4823E1CBC8862009EE534 /* PlayingCard.m */ = {isa = PBXFileReference; fileEncoding = 4; lastKnownFileType = sourcecode.c.objc; name = PlayingCard.m; path = Matchismo/Model/PlayingCard.m; sourceTree = "<group>"; };
		F4D482401CBCB010009EE534 /* PlayingCardDeck.h */ = {isa = PBXFileReference; fileEncoding = 4; lastKnownFileType = sourcecode.c.h; name = PlayingCardDeck.h; path = Matchismo/Model/PlayingCardDeck.h; sourceTree = "<group>"; };
		F4D482411CBCB010009EE534 /* PlayingCardDeck.m */ = {isa = PBXFileReference; fileEncoding = 4; lastKnownFileType = sourcecode.c.objc; name = PlayingCardDeck.m; path = Matchismo/Model/PlayingCardDeck.m; sourceTree = "<group>"; };
/* End PBXFileReference section */

/* Begin PBXFrameworksBuildPhase section */
		F4D482191CBBC448009EE534 /* Frameworks */ = {
			isa = PBXFrameworksBuildPhase;
			buildActionMask = 2147483647;
			files = (
			);
			runOnlyForDeploymentPostprocessing = 0;
		};
/* End PBXFrameworksBuildPhase section */

/* Begin PBXGroup section */
		F4D482131CBBC448009EE534 = {
			isa = PBXGroup;
			children = (
				F4D482391CBC80EF009EE534 /* Model */,
				F4D4821E1CBBC448009EE534 /* Matchismo */,
				F4D4821D1CBBC448009EE534 /* Products */,
			);
			sourceTree = "<group>";
		};
		F4D4821D1CBBC448009EE534 /* Products */ = {
			isa = PBXGroup;
			children = (
				F4D4821C1CBBC448009EE534 /* Matchismo.app */,
			);
			name = Products;
			sourceTree = "<group>";
		};
		F4D4821E1CBBC448009EE534 /* Matchismo */ = {
			isa = PBXGroup;
			children = (
				F4D482221CBBC448009EE534 /* AppDelegate.h */,
				F4D482231CBBC448009EE534 /* AppDelegate.m */,
				F4D482251CBBC448009EE534 /* ViewController.h */,
				F4D482261CBBC448009EE534 /* ViewController.m */,
				F4D482281CBBC448009EE534 /* Main.storyboard */,
				F4D4822B1CBBC448009EE534 /* Assets.xcassets */,
				F4D4822D1CBBC448009EE534 /* LaunchScreen.storyboard */,
				F4D482301CBBC448009EE534 /* Info.plist */,
				F4D4821F1CBBC448009EE534 /* Supporting Files */,
				F4CE65681CC5BBFC00CD9FE1 /* PlayingCardViewController.h */,
				F4CE65691CC5BBFC00CD9FE1 /* PlayingCardViewController.m */,
				F4CE656B1CC6369000CD9FE1 /* SetViewController.h */,
				F4CE656C1CC6369000CD9FE1 /* SetViewController.m */,
				F44C48FB1CCA8F3A0009F0F1 /* HistoryViewController.h */,
				F44C48FC1CCA8F3B0009F0F1 /* HistoryViewController.m */,
			);
			path = Matchismo;
			sourceTree = "<group>";
		};
		F4D4821F1CBBC448009EE534 /* Supporting Files */ = {
			isa = PBXGroup;
			children = (
				F4D482201CBBC448009EE534 /* main.m */,
			);
			name = "Supporting Files";
			sourceTree = "<group>";
		};
		F4D482391CBC80EF009EE534 /* Model */ = {
			isa = PBXGroup;
			children = (
				F4D482361CBC0BCD009EE534 /* Card.h */,
				F4D482371CBC0BCD009EE534 /* Card.m */,
				F4D4823A1CBC812E009EE534 /* Deck.h */,
				F4D4823B1CBC812E009EE534 /* Deck.m */,
				F4D4823D1CBC8862009EE534 /* PlayingCard.h */,
				F4D4823E1CBC8862009EE534 /* PlayingCard.m */,
				F4D482401CBCB010009EE534 /* PlayingCardDeck.h */,
				F4D482411CBCB010009EE534 /* PlayingCardDeck.m */,
				F45F93391CBE175E000B9220 /* CardMatchingGame.h */,
				F45F933A1CBE175E000B9220 /* CardMatchingGame.m */,
				F41F7C2F1CC64E8F0071A6CB /* SetCard.h */,
				F41F7C301CC64E8F0071A6CB /* SetCard.m */,
				F41F7C321CC657C40071A6CB /* SetCardDeck.h */,
				F41F7C331CC657C40071A6CB /* SetCardDeck.m */,
			);
			name = Model;
			sourceTree = "<group>";
		};
/* End PBXGroup section */

/* Begin PBXNativeTarget section */
		F4D4821B1CBBC448009EE534 /* Matchismo */ = {
			isa = PBXNativeTarget;
			buildConfigurationList = F4D482331CBBC448009EE534 /* Build configuration list for PBXNativeTarget "Matchismo" */;
			buildPhases = (
				F4D482181CBBC448009EE534 /* Sources */,
				F4D482191CBBC448009EE534 /* Frameworks */,
				F4D4821A1CBBC448009EE534 /* Resources */,
			);
			buildRules = (
			);
			dependencies = (
			);
			name = Matchismo;
			productName = Matchismo;
			productReference = F4D4821C1CBBC448009EE534 /* Matchismo.app */;
			productType = "com.apple.product-type.application";
		};
/* End PBXNativeTarget section */

/* Begin PBXProject section */
		F4D482141CBBC448009EE534 /* Project object */ = {
			isa = PBXProject;
			attributes = {
				LastUpgradeCheck = 0730;
				ORGANIZATIONNAME = "Arunamritha Lab";
				TargetAttributes = {
					F4D4821B1CBBC448009EE534 = {
						CreatedOnToolsVersion = 7.3;
					};
				};
			};
			buildConfigurationList = F4D482171CBBC448009EE534 /* Build configuration list for PBXProject "Matchismo" */;
			compatibilityVersion = "Xcode 3.2";
			developmentRegion = English;
			hasScannedForEncodings = 0;
			knownRegions = (
				en,
				Base,
			);
			mainGroup = F4D482131CBBC448009EE534;
			productRefGroup = F4D4821D1CBBC448009EE534 /* Products */;
			projectDirPath = "";
			projectRoot = "";
			targets = (
				F4D4821B1CBBC448009EE534 /* Matchismo */,
			);
		};
/* End PBXProject section */

/* Begin PBXResourcesBuildPhase section */
		F4D4821A1CBBC448009EE534 /* Resources */ = {
			isa = PBXResourcesBuildPhase;
			buildActionMask = 2147483647;
			files = (
				F4D4822F1CBBC448009EE534 /* LaunchScreen.storyboard in Resources */,
				F4D4822C1CBBC448009EE534 /* Assets.xcassets in Resources */,
				F4D4822A1CBBC448009EE534 /* Main.storyboard in Resources */,
			);
			runOnlyForDeploymentPostprocessing = 0;
		};
/* End PBXResourcesBuildPhase section */

/* Begin PBXSourcesBuildPhase section */
		F4D482181CBBC448009EE534 /* Sources */ = {
			isa = PBXSourcesBuildPhase;
			buildActionMask = 2147483647;
			files = (
				F4D4823F1CBC8862009EE534 /* PlayingCard.m in Sources */,
				F4D4823C1CBC812E009EE534 /* Deck.m in Sources */,
				F4CE656A1CC5BBFC00CD9FE1 /* PlayingCardViewController.m in Sources */,
				F4CE656D1CC6369000CD9FE1 /* SetViewController.m in Sources */,
				F4D482271CBBC448009EE534 /* ViewController.m in Sources */,
				F41F7C311CC64E8F0071A6CB /* SetCard.m in Sources */,
				F44C48FD1CCA8F3B0009F0F1 /* HistoryViewController.m in Sources */,
				F4D482241CBBC448009EE534 /* AppDelegate.m in Sources */,
				F45F933B1CBE175E000B9220 /* CardMatchingGame.m in Sources */,
				F4D482421CBCB010009EE534 /* PlayingCardDeck.m in Sources */,
				F41F7C341CC657C40071A6CB /* SetCardDeck.m in Sources */,
				F4D482211CBBC448009EE534 /* main.m in Sources */,
				F4D482381CBC0BCD009EE534 /* Card.m in Sources */,
			);
			runOnlyForDeploymentPostprocessing = 0;
		};
/* End PBXSourcesBuildPhase section */

/* Begin PBXVariantGroup section */
		F4D482281CBBC448009EE534 /* Main.storyboard */ = {
			isa = PBXVariantGroup;
			children = (
				F4D482291CBBC448009EE534 /* Base */,
			);
			name = Main.storyboard;
			sourceTree = "<group>";
		};
		F4D4822D1CBBC448009EE534 /* LaunchScreen.storyboard */ = {
			isa = PBXVariantGroup;
			children = (
				F4D4822E1CBBC448009EE534 /* Base */,
			);
			name = LaunchScreen.storyboard;
			sourceTree = "<group>";
		};
/* End PBXVariantGroup section */

/* Begin XCBuildConfiguration section */
		F4D482311CBBC448009EE534 /* Debug */ = {
			isa = XCBuildConfiguration;
			buildSettings = {
				ALWAYS_SEARCH_USER_PATHS = NO;
				CLANG_ANALYZER_NONNULL = YES;
				CLANG_CXX_LANGUAGE_STANDARD = "gnu++0x";
				CLANG_CXX_LIBRARY = "libc++";
				CLANG_ENABLE_MODULES = YES;
				CLANG_ENABLE_OBJC_ARC = YES;
				CLANG_WARN_BOOL_CONVERSION = YES;
				CLANG_WARN_CONSTANT_CONVERSION = YES;
				CLANG_WARN_DIRECT_OBJC_ISA_USAGE = YES_ERROR;
				CLANG_WARN_EMPTY_BODY = YES;
				CLANG_WARN_ENUM_CONVERSION = YES;
				CLANG_WARN_INT_CONVERSION = YES;
				CLANG_WARN_OBJC_ROOT_CLASS = YES_ERROR;
				CLANG_WARN_UNREACHABLE_CODE = YES;
				CLANG_WARN__DUPLICATE_METHOD_MATCH = YES;
				"CODE_SIGN_IDENTITY[sdk=iphoneos*]" = "iPhone Developer";
				COPY_PHASE_STRIP = NO;
				DEBUG_INFORMATION_FORMAT = dwarf;
				ENABLE_STRICT_OBJC_MSGSEND = YES;
				ENABLE_TESTABILITY = YES;
				GCC_C_LANGUAGE_STANDARD = gnu99;
				GCC_DYNAMIC_NO_PIC = NO;
				GCC_NO_COMMON_BLOCKS = YES;
				GCC_OPTIMIZATION_LEVEL = 0;
				GCC_PREPROCESSOR_DEFINITIONS = (
					"DEBUG=1",
					"$(inherited)",
				);
				GCC_WARN_64_TO_32_BIT_CONVERSION = YES;
				GCC_WARN_ABOUT_RETURN_TYPE = YES_ERROR;
				GCC_WARN_UNDECLARED_SELECTOR = YES;
				GCC_WARN_UNINITIALIZED_AUTOS = YES_AGGRESSIVE;
				GCC_WARN_UNUSED_FUNCTION = YES;
				GCC_WARN_UNUSED_VARIABLE = YES;
				IPHONEOS_DEPLOYMENT_TARGET = 9.3;
				MTL_ENABLE_DEBUG_INFO = YES;
				ONLY_ACTIVE_ARCH = YES;
				SDKROOT = iphoneos;
			};
			name = Debug;
		};
		F4D482321CBBC448009EE534 /* Release */ = {
			isa = XCBuildConfiguration;
			buildSettings = {
				ALWAYS_SEARCH_USER_PATHS = NO;
				CLANG_ANALYZER_NONNULL = YES;
				CLANG_CXX_LANGUAGE_STANDARD = "gnu++0x";
				CLANG_CXX_LIBRARY = "libc++";
				CLANG_ENABLE_MODULES = YES;
				CLANG_ENABLE_OBJC_ARC = YES;
				CLANG_WARN_BOOL_CONVERSION = YES;
				CLANG_WARN_CONSTANT_CONVERSION = YES;
				CLANG_WARN_DIRECT_OBJC_ISA_USAGE = YES_ERROR;
				CLANG_WARN_EMPTY_BODY = YES;
				CLANG_WARN_ENUM_CONVERSION = YES;
				CLANG_WARN_INT_CONVERSION = YES;
				CLANG_WARN_OBJC_ROOT_CLASS = YES_ERROR;
				CLANG_WARN_UNREACHABLE_CODE = YES;
				CLANG_WARN__DUPLICATE_METHOD_MATCH = YES;
				"CODE_SIGN_IDENTITY[sdk=iphoneos*]" = "iPhone Developer";
				COPY_PHASE_STRIP = NO;
				DEBUG_INFORMATION_FORMAT = "dwarf-with-dsym";
				ENABLE_NS_ASSERTIONS = NO;
				ENABLE_STRICT_OBJC_MSGSEND = YES;
				GCC_C_LANGUAGE_STANDARD = gnu99;
				GCC_NO_COMMON_BLOCKS = YES;
				GCC_WARN_64_TO_32_BIT_CONVERSION = YES;
				GCC_WARN_ABOUT_RETURN_TYPE = YES_ERROR;
				GCC_WARN_UNDECLARED_SELECTOR = YES;
				GCC_WARN_UNINITIALIZED_AUTOS = YES_AGGRESSIVE;
				GCC_WARN_UNUSED_FUNCTION = YES;
				GCC_WARN_UNUSED_VARIABLE = YES;
				IPHONEOS_DEPLOYMENT_TARGET = 9.3;
				MTL_ENABLE_DEBUG_INFO = NO;
				SDKROOT = iphoneos;
				VALIDATE_PRODUCT = YES;
			};
			name = Release;
		};
		F4D482341CBBC448009EE534 /* Debug */ = {
			isa = XCBuildConfiguration;
			buildSettings = {
				ASSETCATALOG_COMPILER_APPICON_NAME = AppIcon;
				INFOPLIST_FILE = Matchismo/Info.plist;
				LD_RUNPATH_SEARCH_PATHS = "$(inherited) @executable_path/Frameworks";
				PRODUCT_BUNDLE_IDENTIFIER = com.arunamrithalab.student.Matchismo;
				PRODUCT_NAME = "$(TARGET_NAME)";
			};
			name = Debug;
		};
		F4D482351CBBC448009EE534 /* Release */ = {
			isa = XCBuildConfiguration;
			buildSettings = {
				ASSETCATALOG_COMPILER_APPICON_NAME = AppIcon;
				INFOPLIST_FILE = Matchismo/Info.plist;
				LD_RUNPATH_SEARCH_PATHS = "$(inherited) @executable_path/Frameworks";
				PRODUCT_BUNDLE_IDENTIFIER = com.arunamrithalab.student.Matchismo;
				PRODUCT_NAME = "$(TARGET_NAME)";
			};
			name = Release;
		};
/* End XCBuildConfiguration section */

/* Begin XCConfigurationList section */
		F4D482171CBBC448009EE534 /* Build configuration list for PBXProject "Matchismo" */ = {
			isa = XCConfigurationList;
			buildConfigurations = (
				F4D482311CBBC448009EE534 /* Debug */,
				F4D482321CBBC448009EE534 /* Release */,
			);
			defaultConfigurationIsVisible = 0;
			defaultConfigurationName = Release;
		};
		F4D482331CBBC448009EE534 /* Build configuration list for PBXNativeTarget "Matchismo" */ = {
			isa = XCConfigurationList;
			buildConfigurations = (
				F4D482341CBBC448009EE534 /* Debug */,
				F4D482351CBBC448009EE534 /* Release */,
			);
			defaultConfigurationIsVisible = 0;
			defaultConfigurationName = Release;
		};
/* End XCConfigurationList section */
	};
	rootObject = F4D482141CBBC448009EE534 /* Project object */;
}
